{
  "version": 4,
  "terraform_version": "1.3.7",
  "serial": 1,
  "lineage": "fc1c3010-4ed8-0017-f742-d67f5e470075",
  "outputs": {},
  "resources": [
    {
      "mode": "managed",
      "type": "local_file",
      "name": "DevOps",
      "provider": "provider[\"registry.terraform.io/hashicorp/local\"]",
      "instances": [
        {
          "schema_version": 0,
          "attributes": {
            "content": "plan, code, build, test, release, operate and monitor",
            "content_base64": null,
            "directory_permission": "0777",
            "file_permission": "0777",
            "filename": "/home/badkarma/random-local-tf/devops.txt",
            "id": "f1df877b193568841306c0428ea21c7c8115251c",
            "sensitive_content": null,
            "source": null
          },
          "sensitive_attributes": []
        }
      ]
    }
  ],
  "check_results": null
}
